
Microsoft Visual Studio Solution File, Format Version 12.00
# Visual Studio 15
VisualStudioVersion = 15.0.26020.0
MinimumVisualStudioVersion = 10.0.40219.1
Project("{FAE04EC0-301F-11D3-BF4B-00C04F79EFBC}") = "CustomRetryHandler", "src\CustomRetryHandler\CustomRetryHandler.csproj", "{AEEBF6EC-AC78-4AA8-AD13-897E3EAF1986}"
EndProject
Project("{2150E333-8FDC-42A3-9474-1A3956D46DE8}") = "Global", "Global", "{2F980692-74A6-40F5-8373-4A4DA0A7F7C4}"
	ProjectSection(SolutionItems) = preProject
		.gitignore = .gitignore
		README.md = README.md
	EndProjectSection
EndProject
Global
	GlobalSection(SolutionConfigurationPlatforms) = preSolution
		Debug|Any CPU = Debug|Any CPU
		Release|Any CPU = Release|Any CPU
	EndGlobalSection
	GlobalSection(ProjectConfigurationPlatforms) = postSolution
		{AEEBF6EC-AC78-4AA8-AD13-897E3EAF1986}.Debug|Any CPU.ActiveCfg = Debug|Any CPU
		{AEEBF6EC-AC78-4AA8-AD13-897E3EAF1986}.Debug|Any CPU.Build.0 = Debug|Any CPU
		{AEEBF6EC-AC78-4AA8-AD13-897E3EAF1986}.Release|Any CPU.ActiveCfg = Release|Any CPU
		{AEEBF6EC-AC78-4AA8-AD13-897E3EAF1986}.Release|Any CPU.Build.0 = Release|Any CPU
	EndGlobalSection
	GlobalSection(SolutionProperties) = preSolution
		HideSolutionNode = FALSE
	EndGlobalSection
	GlobalSection(ExtensibilityGlobals) = postSolution
		EnterpriseLibraryConfigurationToolBinariesPathV6 = packages\EnterpriseLibrary.TransientFaultHandling.6.0.1304.0\lib\portable-net45+win+wp8
	EndGlobalSection
EndGlobal
